// !$*UTF8*$!
{
	archiveVersion = 1;
	classes = {
	};
	objectVersion = 56;
	objects = {

/* Begin PBXBuildFile section */
		D8E1C98429008EB20011F7D3 /* DailyForecastWeatherModelTests.swift in Sources */ = {isa = PBXBuildFile; fileRef = D8E1C98329008EB20011F7D3 /* DailyForecastWeatherModelTests.swift */; };
		D8E1C98629008F660011F7D3 /* HourlyForecastViewModelTests.swift in Sources */ = {isa = PBXBuildFile; fileRef = D8E1C98529008F660011F7D3 /* HourlyForecastViewModelTests.swift */; };
		D8E1C98929008F740011F7D3 /* WeatherIconConverterTests.swift in Sources */ = {isa = PBXBuildFile; fileRef = D8E1C98729008F740011F7D3 /* WeatherIconConverterTests.swift */; };
		D8E1C98A29008F740011F7D3 /* HTTPMethodTest.swift in Sources */ = {isa = PBXBuildFile; fileRef = D8E1C98829008F740011F7D3 /* HTTPMethodTest.swift */; };
		D8F31A9E29002DC100662653 /* WeatherApp_SwiftUI_CombineApp.swift in Sources */ = {isa = PBXBuildFile; fileRef = D8F31A9D29002DC100662653 /* WeatherApp_SwiftUI_CombineApp.swift */; };
		D8F31AA029002DC100662653 /* ContentView.swift in Sources */ = {isa = PBXBuildFile; fileRef = D8F31A9F29002DC100662653 /* ContentView.swift */; };
		D8F31AA229002DC200662653 /* Assets.xcassets in Resources */ = {isa = PBXBuildFile; fileRef = D8F31AA129002DC200662653 /* Assets.xcassets */; };
		D8F31AA529002DC200662653 /* Preview Assets.xcassets in Resources */ = {isa = PBXBuildFile; fileRef = D8F31AA429002DC200662653 /* Preview Assets.xcassets */; };
		D8F31AAF29002DC300662653 /* WeatherApp_SwiftUI_CombineTests.swift in Sources */ = {isa = PBXBuildFile; fileRef = D8F31AAE29002DC300662653 /* WeatherApp_SwiftUI_CombineTests.swift */; };
		D8F31AB929002DC300662653 /* WeatherApp_SwiftUI_CombineUITests.swift in Sources */ = {isa = PBXBuildFile; fileRef = D8F31AB829002DC300662653 /* WeatherApp_SwiftUI_CombineUITests.swift */; };
		D8F31ABB29002DC300662653 /* WeatherApp_SwiftUI_CombineUITestsLaunchTests.swift in Sources */ = {isa = PBXBuildFile; fileRef = D8F31ABA29002DC300662653 /* WeatherApp_SwiftUI_CombineUITestsLaunchTests.swift */; };
		D8F31AD2290030E800662653 /* MockForecastWeatherResponse.json in Resources */ = {isa = PBXBuildFile; fileRef = D8F31AD0290030E700662653 /* MockForecastWeatherResponse.json */; };
		D8F31AD3290030E800662653 /* MockForecastWeatherResponse.json in Resources */ = {isa = PBXBuildFile; fileRef = D8F31AD0290030E700662653 /* MockForecastWeatherResponse.json */; };
		D8F31AD4290030E800662653 /* MockForecastWeatherResponse.json in Resources */ = {isa = PBXBuildFile; fileRef = D8F31AD0290030E700662653 /* MockForecastWeatherResponse.json */; };
		D8F31AD5290030E800662653 /* MockCurrentWeatherResponse.json in Resources */ = {isa = PBXBuildFile; fileRef = D8F31AD1290030E800662653 /* MockCurrentWeatherResponse.json */; };
		D8F31AD6290030E800662653 /* MockCurrentWeatherResponse.json in Resources */ = {isa = PBXBuildFile; fileRef = D8F31AD1290030E800662653 /* MockCurrentWeatherResponse.json */; };
		D8F31AD7290030E800662653 /* MockCurrentWeatherResponse.json in Resources */ = {isa = PBXBuildFile; fileRef = D8F31AD1290030E800662653 /* MockCurrentWeatherResponse.json */; };
		D8F31ADE2900319800662653 /* WebViewViewModel.swift in Sources */ = {isa = PBXBuildFile; fileRef = D8F31AD92900319600662653 /* WebViewViewModel.swift */; };
		D8F31AE12900319800662653 /* WebView.swift in Sources */ = {isa = PBXBuildFile; fileRef = D8F31ADA2900319700662653 /* WebView.swift */; };
		D8F31AE42900319800662653 /* Loader.swift in Sources */ = {isa = PBXBuildFile; fileRef = D8F31ADB2900319700662653 /* Loader.swift */; };
		D8F31AE72900319800662653 /* ActivityIndicator.swift in Sources */ = {isa = PBXBuildFile; fileRef = D8F31ADC2900319700662653 /* ActivityIndicator.swift */; };
		D8F31AEE2900332F00662653 /* OnlineShoppingView.swift in Sources */ = {isa = PBXBuildFile; fileRef = D8F31AED2900332F00662653 /* OnlineShoppingView.swift */; };
		D8F31AEF2900332F00662653 /* OnlineShoppingView.swift in Sources */ = {isa = PBXBuildFile; fileRef = D8F31AED2900332F00662653 /* OnlineShoppingView.swift */; };
		D8F31AF02900332F00662653 /* OnlineShoppingView.swift in Sources */ = {isa = PBXBuildFile; fileRef = D8F31AED2900332F00662653 /* OnlineShoppingView.swift */; };
		D8F31AF32900371100662653 /* CurrentWeatherResponse.swift in Sources */ = {isa = PBXBuildFile; fileRef = D8F31AF22900371100662653 /* CurrentWeatherResponse.swift */; };
		D8F31AF42900371100662653 /* CurrentWeatherResponse.swift in Sources */ = {isa = PBXBuildFile; fileRef = D8F31AF22900371100662653 /* CurrentWeatherResponse.swift */; };
		D8F31AF52900371100662653 /* CurrentWeatherResponse.swift in Sources */ = {isa = PBXBuildFile; fileRef = D8F31AF22900371100662653 /* CurrentWeatherResponse.swift */; };
		D8F31AF72900376100662653 /* Weather.swift in Sources */ = {isa = PBXBuildFile; fileRef = D8F31AF62900376100662653 /* Weather.swift */; };
		D8F31AF82900376100662653 /* Weather.swift in Sources */ = {isa = PBXBuildFile; fileRef = D8F31AF62900376100662653 /* Weather.swift */; };
		D8F31AF92900376100662653 /* Weather.swift in Sources */ = {isa = PBXBuildFile; fileRef = D8F31AF62900376100662653 /* Weather.swift */; };
		D8F31AFB290037C600662653 /* CurrentWeatherMainValue.swift in Sources */ = {isa = PBXBuildFile; fileRef = D8F31AFA290037C600662653 /* CurrentWeatherMainValue.swift */; };
		D8F31AFC290037C600662653 /* CurrentWeatherMainValue.swift in Sources */ = {isa = PBXBuildFile; fileRef = D8F31AFA290037C600662653 /* CurrentWeatherMainValue.swift */; };
		D8F31AFD290037C600662653 /* CurrentWeatherMainValue.swift in Sources */ = {isa = PBXBuildFile; fileRef = D8F31AFA290037C600662653 /* CurrentWeatherMainValue.swift */; };
		D8F31AFF290037F600662653 /* ForecastWeatherResponse.swift in Sources */ = {isa = PBXBuildFile; fileRef = D8F31AFE290037F600662653 /* ForecastWeatherResponse.swift */; };
		D8F31B00290037F600662653 /* ForecastWeatherResponse.swift in Sources */ = {isa = PBXBuildFile; fileRef = D8F31AFE290037F600662653 /* ForecastWeatherResponse.swift */; };
		D8F31B01290037F600662653 /* ForecastWeatherResponse.swift in Sources */ = {isa = PBXBuildFile; fileRef = D8F31AFE290037F600662653 /* ForecastWeatherResponse.swift */; };
		D8F31B032900391100662653 /* Date+Extension.swift in Sources */ = {isa = PBXBuildFile; fileRef = D8F31B022900391100662653 /* Date+Extension.swift */; };
		D8F31B042900391100662653 /* Date+Extension.swift in Sources */ = {isa = PBXBuildFile; fileRef = D8F31B022900391100662653 /* Date+Extension.swift */; };
		D8F31B052900391100662653 /* Date+Extension.swift in Sources */ = {isa = PBXBuildFile; fileRef = D8F31B022900391100662653 /* Date+Extension.swift */; };
		D8F31B072900399600662653 /* Int+Extension.swift in Sources */ = {isa = PBXBuildFile; fileRef = D8F31B062900399600662653 /* Int+Extension.swift */; };
		D8F31B082900399600662653 /* Int+Extension.swift in Sources */ = {isa = PBXBuildFile; fileRef = D8F31B062900399600662653 /* Int+Extension.swift */; };
		D8F31B092900399600662653 /* Int+Extension.swift in Sources */ = {isa = PBXBuildFile; fileRef = D8F31B062900399600662653 /* Int+Extension.swift */; };
		D8F31B0B29003B3E00662653 /* MockForecastWeatherBuilder.swift in Sources */ = {isa = PBXBuildFile; fileRef = D8F31B0A29003B3E00662653 /* MockForecastWeatherBuilder.swift */; };
		D8F31B0C29003B3E00662653 /* MockForecastWeatherBuilder.swift in Sources */ = {isa = PBXBuildFile; fileRef = D8F31B0A29003B3E00662653 /* MockForecastWeatherBuilder.swift */; };
		D8F31B0D29003B3E00662653 /* MockForecastWeatherBuilder.swift in Sources */ = {isa = PBXBuildFile; fileRef = D8F31B0A29003B3E00662653 /* MockForecastWeatherBuilder.swift */; };
		D8F31B0F29003B5200662653 /* MockCurrentWeatherBuilder.swift in Sources */ = {isa = PBXBuildFile; fileRef = D8F31B0E29003B5200662653 /* MockCurrentWeatherBuilder.swift */; };
		D8F31B1029003B5200662653 /* MockCurrentWeatherBuilder.swift in Sources */ = {isa = PBXBuildFile; fileRef = D8F31B0E29003B5200662653 /* MockCurrentWeatherBuilder.swift */; };
		D8F31B1129003B5200662653 /* MockCurrentWeatherBuilder.swift in Sources */ = {isa = PBXBuildFile; fileRef = D8F31B0E29003B5200662653 /* MockCurrentWeatherBuilder.swift */; };
		D8F31B1429003D8A00662653 /* WeatherBackgroundView.swift in Sources */ = {isa = PBXBuildFile; fileRef = D8F31B1329003D8A00662653 /* WeatherBackgroundView.swift */; };
		D8F31B1829003DE700662653 /* TodayWeatherView.swift in Sources */ = {isa = PBXBuildFile; fileRef = D8F31B1729003DE700662653 /* TodayWeatherView.swift */; };
		D8F31B1D29003FE600662653 /* String+Extension.swift in Sources */ = {isa = PBXBuildFile; fileRef = D8F31B1C29003FE600662653 /* String+Extension.swift */; };
		D8F31B20290040B500662653 /* DailyForecastWeatherRow.swift in Sources */ = {isa = PBXBuildFile; fileRef = D8F31B1F290040B500662653 /* DailyForecastWeatherRow.swift */; };
		D8F31B222900410500662653 /* WeatherIcon.swift in Sources */ = {isa = PBXBuildFile; fileRef = D8F31B212900410500662653 /* WeatherIcon.swift */; };
		D8F31B242900415E00662653 /* DailyForecastWeatherView.swift in Sources */ = {isa = PBXBuildFile; fileRef = D8F31B232900415E00662653 /* DailyForecastWeatherView.swift */; };
		D8F31B2729004C4500662653 /* HourlyForecastView.swift in Sources */ = {isa = PBXBuildFile; fileRef = D8F31B2629004C4500662653 /* HourlyForecastView.swift */; };
		D8F31B2929004C7600662653 /* HourlyForecastWeatherCell.swift in Sources */ = {isa = PBXBuildFile; fileRef = D8F31B2829004C7600662653 /* HourlyForecastWeatherCell.swift */; };
		D8F31B2B29005A0E00662653 /* HTTPMethod.swift in Sources */ = {isa = PBXBuildFile; fileRef = D8F31B2A29005A0E00662653 /* HTTPMethod.swift */; };
		D8F31B2D29005A5000662653 /* EndpointProtocol.swift in Sources */ = {isa = PBXBuildFile; fileRef = D8F31B2C29005A5000662653 /* EndpointProtocol.swift */; };
		D8F31B2F29005A7700662653 /* WeatherEndpoint.swift in Sources */ = {isa = PBXBuildFile; fileRef = D8F31B2E29005A7700662653 /* WeatherEndpoint.swift */; };
		D8F31B3129005B1B00662653 /* WeatherServiceProtocol.swift in Sources */ = {isa = PBXBuildFile; fileRef = D8F31B3029005B1B00662653 /* WeatherServiceProtocol.swift */; };
		D8F31B3329005D0B00662653 /* WeatherService.swift in Sources */ = {isa = PBXBuildFile; fileRef = D8F31B3229005D0B00662653 /* WeatherService.swift */; };
		D8F31B3529006C7B00662653 /* NetworkProvider.swift in Sources */ = {isa = PBXBuildFile; fileRef = D8F31B3429006C7B00662653 /* NetworkProvider.swift */; };
		D8F31B372900700B00662653 /* NetworkError.swift in Sources */ = {isa = PBXBuildFile; fileRef = D8F31B362900700B00662653 /* NetworkError.swift */; };
		D8F31B39290073BA00662653 /* MainWeatherView.swift in Sources */ = {isa = PBXBuildFile; fileRef = D8F31B38290073BA00662653 /* MainWeatherView.swift */; };
		D8F31B3B2900742D00662653 /* WeatherViewModel.swift in Sources */ = {isa = PBXBuildFile; fileRef = D8F31B3A2900742D00662653 /* WeatherViewModel.swift */; };
		D8F31B3D2900747000662653 /* StateModel.swift in Sources */ = {isa = PBXBuildFile; fileRef = D8F31B3C2900747000662653 /* StateModel.swift */; };
		D8F31B3F290074E100662653 /* cityList.json in Resources */ = {isa = PBXBuildFile; fileRef = D8F31B3E290074E100662653 /* cityList.json */; };
		D8F31B5929008AE900662653 /* CurrentWeatherResponseModelTests.swift in Sources */ = {isa = PBXBuildFile; fileRef = D8F31B5829008AE900662653 /* CurrentWeatherResponseModelTests.swift */; };
/* End PBXBuildFile section */

/* Begin PBXContainerItemProxy section */
		D8F31AAB29002DC200662653 /* PBXContainerItemProxy */ = {
			isa = PBXContainerItemProxy;
			containerPortal = D8F31A9229002DC100662653 /* Project object */;
			proxyType = 1;
			remoteGlobalIDString = D8F31A9929002DC100662653;
			remoteInfo = "WeatherApp-SwiftUI-Combine";
		};
		D8F31AB529002DC300662653 /* PBXContainerItemProxy */ = {
			isa = PBXContainerItemProxy;
			containerPortal = D8F31A9229002DC100662653 /* Project object */;
			proxyType = 1;
			remoteGlobalIDString = D8F31A9929002DC100662653;
			remoteInfo = "WeatherApp-SwiftUI-Combine";
		};
/* End PBXContainerItemProxy section */

/* Begin PBXFileReference section */
		D8E1C98329008EB20011F7D3 /* DailyForecastWeatherModelTests.swift */ = {isa = PBXFileReference; lastKnownFileType = sourcecode.swift; path = DailyForecastWeatherModelTests.swift; sourceTree = "<group>"; };
		D8E1C98529008F660011F7D3 /* HourlyForecastViewModelTests.swift */ = {isa = PBXFileReference; fileEncoding = 4; lastKnownFileType = sourcecode.swift; path = HourlyForecastViewModelTests.swift; sourceTree = "<group>"; };
		D8E1C98729008F740011F7D3 /* WeatherIconConverterTests.swift */ = {isa = PBXFileReference; fileEncoding = 4; lastKnownFileType = sourcecode.swift; path = WeatherIconConverterTests.swift; sourceTree = "<group>"; };
		D8E1C98829008F740011F7D3 /* HTTPMethodTest.swift */ = {isa = PBXFileReference; fileEncoding = 4; lastKnownFileType = sourcecode.swift; path = HTTPMethodTest.swift; sourceTree = "<group>"; };
		D8F31A9A29002DC100662653 /* WeatherApp-SwiftUI-Combine.app */ = {isa = PBXFileReference; explicitFileType = wrapper.application; includeInIndex = 0; path = "WeatherApp-SwiftUI-Combine.app"; sourceTree = BUILT_PRODUCTS_DIR; };
		D8F31A9D29002DC100662653 /* WeatherApp_SwiftUI_CombineApp.swift */ = {isa = PBXFileReference; lastKnownFileType = sourcecode.swift; path = WeatherApp_SwiftUI_CombineApp.swift; sourceTree = "<group>"; };
		D8F31A9F29002DC100662653 /* ContentView.swift */ = {isa = PBXFileReference; lastKnownFileType = sourcecode.swift; path = ContentView.swift; sourceTree = "<group>"; };
		D8F31AA129002DC200662653 /* Assets.xcassets */ = {isa = PBXFileReference; lastKnownFileType = folder.assetcatalog; path = Assets.xcassets; sourceTree = "<group>"; };
		D8F31AA429002DC200662653 /* Preview Assets.xcassets */ = {isa = PBXFileReference; lastKnownFileType = folder.assetcatalog; path = "Preview Assets.xcassets"; sourceTree = "<group>"; };
		D8F31AAA29002DC200662653 /* WeatherApp-SwiftUI-CombineTests.xctest */ = {isa = PBXFileReference; explicitFileType = wrapper.cfbundle; includeInIndex = 0; path = "WeatherApp-SwiftUI-CombineTests.xctest"; sourceTree = BUILT_PRODUCTS_DIR; };
		D8F31AAE29002DC300662653 /* WeatherApp_SwiftUI_CombineTests.swift */ = {isa = PBXFileReference; lastKnownFileType = sourcecode.swift; path = WeatherApp_SwiftUI_CombineTests.swift; sourceTree = "<group>"; };
		D8F31AB429002DC300662653 /* WeatherApp-SwiftUI-CombineUITests.xctest */ = {isa = PBXFileReference; explicitFileType = wrapper.cfbundle; includeInIndex = 0; path = "WeatherApp-SwiftUI-CombineUITests.xctest"; sourceTree = BUILT_PRODUCTS_DIR; };
		D8F31AB829002DC300662653 /* WeatherApp_SwiftUI_CombineUITests.swift */ = {isa = PBXFileReference; lastKnownFileType = sourcecode.swift; path = WeatherApp_SwiftUI_CombineUITests.swift; sourceTree = "<group>"; };
		D8F31ABA29002DC300662653 /* WeatherApp_SwiftUI_CombineUITestsLaunchTests.swift */ = {isa = PBXFileReference; lastKnownFileType = sourcecode.swift; path = WeatherApp_SwiftUI_CombineUITestsLaunchTests.swift; sourceTree = "<group>"; };
		D8F31AD0290030E700662653 /* MockForecastWeatherResponse.json */ = {isa = PBXFileReference; fileEncoding = 4; lastKnownFileType = text.json; path = MockForecastWeatherResponse.json; sourceTree = "<group>"; };
		D8F31AD1290030E800662653 /* MockCurrentWeatherResponse.json */ = {isa = PBXFileReference; fileEncoding = 4; lastKnownFileType = text.json; path = MockCurrentWeatherResponse.json; sourceTree = "<group>"; };
		D8F31AD92900319600662653 /* WebViewViewModel.swift */ = {isa = PBXFileReference; fileEncoding = 4; lastKnownFileType = sourcecode.swift; path = WebViewViewModel.swift; sourceTree = "<group>"; };
		D8F31ADA2900319700662653 /* WebView.swift */ = {isa = PBXFileReference; fileEncoding = 4; lastKnownFileType = sourcecode.swift; path = WebView.swift; sourceTree = "<group>"; };
		D8F31ADB2900319700662653 /* Loader.swift */ = {isa = PBXFileReference; fileEncoding = 4; lastKnownFileType = sourcecode.swift; path = Loader.swift; sourceTree = "<group>"; };
		D8F31ADC2900319700662653 /* ActivityIndicator.swift */ = {isa = PBXFileReference; fileEncoding = 4; lastKnownFileType = sourcecode.swift; path = ActivityIndicator.swift; sourceTree = "<group>"; };
		D8F31AED2900332F00662653 /* OnlineShoppingView.swift */ = {isa = PBXFileReference; lastKnownFileType = sourcecode.swift; path = OnlineShoppingView.swift; sourceTree = "<group>"; };
		D8F31AF22900371100662653 /* CurrentWeatherResponse.swift */ = {isa = PBXFileReference; lastKnownFileType = sourcecode.swift; path = CurrentWeatherResponse.swift; sourceTree = "<group>"; };
		D8F31AF62900376100662653 /* Weather.swift */ = {isa = PBXFileReference; lastKnownFileType = sourcecode.swift; path = Weather.swift; sourceTree = "<group>"; };
		D8F31AFA290037C600662653 /* CurrentWeatherMainValue.swift */ = {isa = PBXFileReference; lastKnownFileType = sourcecode.swift; path = CurrentWeatherMainValue.swift; sourceTree = "<group>"; };
		D8F31AFE290037F600662653 /* ForecastWeatherResponse.swift */ = {isa = PBXFileReference; lastKnownFileType = sourcecode.swift; path = ForecastWeatherResponse.swift; sourceTree = "<group>"; };
		D8F31B022900391100662653 /* Date+Extension.swift */ = {isa = PBXFileReference; lastKnownFileType = sourcecode.swift; path = "Date+Extension.swift"; sourceTree = "<group>"; };
		D8F31B062900399600662653 /* Int+Extension.swift */ = {isa = PBXFileReference; lastKnownFileType = sourcecode.swift; path = "Int+Extension.swift"; sourceTree = "<group>"; };
		D8F31B0A29003B3E00662653 /* MockForecastWeatherBuilder.swift */ = {isa = PBXFileReference; lastKnownFileType = sourcecode.swift; path = MockForecastWeatherBuilder.swift; sourceTree = "<group>"; };
		D8F31B0E29003B5200662653 /* MockCurrentWeatherBuilder.swift */ = {isa = PBXFileReference; lastKnownFileType = sourcecode.swift; path = MockCurrentWeatherBuilder.swift; sourceTree = "<group>"; };
		D8F31B1329003D8A00662653 /* WeatherBackgroundView.swift */ = {isa = PBXFileReference; lastKnownFileType = sourcecode.swift; path = WeatherBackgroundView.swift; sourceTree = "<group>"; };
		D8F31B1729003DE700662653 /* TodayWeatherView.swift */ = {isa = PBXFileReference; lastKnownFileType = sourcecode.swift; path = TodayWeatherView.swift; sourceTree = "<group>"; };
		D8F31B1C29003FE600662653 /* String+Extension.swift */ = {isa = PBXFileReference; lastKnownFileType = sourcecode.swift; path = "String+Extension.swift"; sourceTree = "<group>"; };
		D8F31B1F290040B500662653 /* DailyForecastWeatherRow.swift */ = {isa = PBXFileReference; lastKnownFileType = sourcecode.swift; path = DailyForecastWeatherRow.swift; sourceTree = "<group>"; };
		D8F31B212900410500662653 /* WeatherIcon.swift */ = {isa = PBXFileReference; lastKnownFileType = sourcecode.swift; path = WeatherIcon.swift; sourceTree = "<group>"; };
		D8F31B232900415E00662653 /* DailyForecastWeatherView.swift */ = {isa = PBXFileReference; lastKnownFileType = sourcecode.swift; path = DailyForecastWeatherView.swift; sourceTree = "<group>"; };
		D8F31B2629004C4500662653 /* HourlyForecastView.swift */ = {isa = PBXFileReference; lastKnownFileType = sourcecode.swift; path = HourlyForecastView.swift; sourceTree = "<group>"; };
		D8F31B2829004C7600662653 /* HourlyForecastWeatherCell.swift */ = {isa = PBXFileReference; lastKnownFileType = sourcecode.swift; path = HourlyForecastWeatherCell.swift; sourceTree = "<group>"; };
		D8F31B2A29005A0E00662653 /* HTTPMethod.swift */ = {isa = PBXFileReference; lastKnownFileType = sourcecode.swift; path = HTTPMethod.swift; sourceTree = "<group>"; };
		D8F31B2C29005A5000662653 /* EndpointProtocol.swift */ = {isa = PBXFileReference; lastKnownFileType = sourcecode.swift; path = EndpointProtocol.swift; sourceTree = "<group>"; };
		D8F31B2E29005A7700662653 /* WeatherEndpoint.swift */ = {isa = PBXFileReference; lastKnownFileType = sourcecode.swift; path = WeatherEndpoint.swift; sourceTree = "<group>"; };
		D8F31B3029005B1B00662653 /* WeatherServiceProtocol.swift */ = {isa = PBXFileReference; lastKnownFileType = sourcecode.swift; path = WeatherServiceProtocol.swift; sourceTree = "<group>"; };
		D8F31B3229005D0B00662653 /* WeatherService.swift */ = {isa = PBXFileReference; lastKnownFileType = sourcecode.swift; path = WeatherService.swift; sourceTree = "<group>"; };
		D8F31B3429006C7B00662653 /* NetworkProvider.swift */ = {isa = PBXFileReference; lastKnownFileType = sourcecode.swift; path = NetworkProvider.swift; sourceTree = "<group>"; };
		D8F31B362900700B00662653 /* NetworkError.swift */ = {isa = PBXFileReference; lastKnownFileType = sourcecode.swift; path = NetworkError.swift; sourceTree = "<group>"; };
		D8F31B38290073BA00662653 /* MainWeatherView.swift */ = {isa = PBXFileReference; lastKnownFileType = sourcecode.swift; path = MainWeatherView.swift; sourceTree = "<group>"; };
		D8F31B3A2900742D00662653 /* WeatherViewModel.swift */ = {isa = PBXFileReference; lastKnownFileType = sourcecode.swift; path = WeatherViewModel.swift; sourceTree = "<group>"; };
		D8F31B3C2900747000662653 /* StateModel.swift */ = {isa = PBXFileReference; lastKnownFileType = sourcecode.swift; path = StateModel.swift; sourceTree = "<group>"; };
		D8F31B3E290074E100662653 /* cityList.json */ = {isa = PBXFileReference; fileEncoding = 4; lastKnownFileType = text.json; name = cityList.json; path = ../../../../../Downloads/cityList.json; sourceTree = "<group>"; };
		D8F31B5829008AE900662653 /* CurrentWeatherResponseModelTests.swift */ = {isa = PBXFileReference; lastKnownFileType = sourcecode.swift; path = CurrentWeatherResponseModelTests.swift; sourceTree = "<group>"; };
/* End PBXFileReference section */

/* Begin PBXFrameworksBuildPhase section */
		D8F31A9729002DC100662653 /* Frameworks */ = {
			isa = PBXFrameworksBuildPhase;
			buildActionMask = 2147483647;
			files = (
			);
			runOnlyForDeploymentPostprocessing = 0;
		};
		D8F31AA729002DC200662653 /* Frameworks */ = {
			isa = PBXFrameworksBuildPhase;
			buildActionMask = 2147483647;
			files = (
			);
			runOnlyForDeploymentPostprocessing = 0;
		};
		D8F31AB129002DC300662653 /* Frameworks */ = {
			isa = PBXFrameworksBuildPhase;
			buildActionMask = 2147483647;
			files = (
			);
			runOnlyForDeploymentPostprocessing = 0;
		};
/* End PBXFrameworksBuildPhase section */

/* Begin PBXGroup section */
		D8F31A9129002DC100662653 = {
			isa = PBXGroup;
			children = (
				D8F31A9C29002DC100662653 /* WeatherApp-SwiftUI-Combine */,
				D8F31AAD29002DC200662653 /* WeatherApp-SwiftUI-CombineTests */,
				D8F31AB729002DC300662653 /* WeatherApp-SwiftUI-CombineUITests */,
				D8F31A9B29002DC100662653 /* Products */,
			);
			sourceTree = "<group>";
		};
		D8F31A9B29002DC100662653 /* Products */ = {
			isa = PBXGroup;
			children = (
				D8F31A9A29002DC100662653 /* WeatherApp-SwiftUI-Combine.app */,
				D8F31AAA29002DC200662653 /* WeatherApp-SwiftUI-CombineTests.xctest */,
				D8F31AB429002DC300662653 /* WeatherApp-SwiftUI-CombineUITests.xctest */,
			);
			name = Products;
			sourceTree = "<group>";
		};
		D8F31A9C29002DC100662653 /* WeatherApp-SwiftUI-Combine */ = {
			isa = PBXGroup;
			children = (
				D8F31A9F29002DC100662653 /* ContentView.swift */,
				D8F31AC829002FD500662653 /* WeatherModule */,
				D8F31AC729002FBB00662653 /* OnlineShoppingModule */,
				D8F31A9D29002DC100662653 /* WeatherApp_SwiftUI_CombineApp.swift */,
				D8F31ACD2900301400662653 /* Network */,
				D8F31ACE2900301B00662653 /* Helper */,
				D8F31ACF2900302400662653 /* Extension */,
				D8F31ACC2900300700662653 /* MockResponse */,
				D8F31AA129002DC200662653 /* Assets.xcassets */,
				D8F31AA329002DC200662653 /* Preview Content */,
			);
			path = "WeatherApp-SwiftUI-Combine";
			sourceTree = "<group>";
		};
		D8F31AA329002DC200662653 /* Preview Content */ = {
			isa = PBXGroup;
			children = (
				D8F31AA429002DC200662653 /* Preview Assets.xcassets */,
			);
			path = "Preview Content";
			sourceTree = "<group>";
		};
		D8F31AAD29002DC200662653 /* WeatherApp-SwiftUI-CombineTests */ = {
			isa = PBXGroup;
			children = (
				D8E1C98829008F740011F7D3 /* HTTPMethodTest.swift */,
				D8E1C98729008F740011F7D3 /* WeatherIconConverterTests.swift */,
				D8E1C98529008F660011F7D3 /* HourlyForecastViewModelTests.swift */,
				D8F31AAE29002DC300662653 /* WeatherApp_SwiftUI_CombineTests.swift */,
				D8F31B5829008AE900662653 /* CurrentWeatherResponseModelTests.swift */,
				D8E1C98329008EB20011F7D3 /* DailyForecastWeatherModelTests.swift */,
			);
			path = "WeatherApp-SwiftUI-CombineTests";
			sourceTree = "<group>";
		};
		D8F31AB729002DC300662653 /* WeatherApp-SwiftUI-CombineUITests */ = {
			isa = PBXGroup;
			children = (
				D8F31AB829002DC300662653 /* WeatherApp_SwiftUI_CombineUITests.swift */,
				D8F31ABA29002DC300662653 /* WeatherApp_SwiftUI_CombineUITestsLaunchTests.swift */,
			);
			path = "WeatherApp-SwiftUI-CombineUITests";
			sourceTree = "<group>";
		};
		D8F31AC729002FBB00662653 /* OnlineShoppingModule */ = {
			isa = PBXGroup;
			children = (
				D8F31AED2900332F00662653 /* OnlineShoppingView.swift */,
			);
			path = OnlineShoppingModule;
			sourceTree = "<group>";
		};
		D8F31AC829002FD500662653 /* WeatherModule */ = {
			isa = PBXGroup;
			children = (
				D8F31ACB29002FF800662653 /* ViewModel */,
				D8F31ACA29002FF200662653 /* View */,
				D8F31AC929002FEB00662653 /* Model */,
			);
			path = WeatherModule;
			sourceTree = "<group>";
		};
		D8F31AC929002FEB00662653 /* Model */ = {
			isa = PBXGroup;
			children = (
				D8F31B212900410500662653 /* WeatherIcon.swift */,
				D8F31B3C2900747000662653 /* StateModel.swift */,
				D8F31AF1290036E000662653 /* ServiceModel */,
			);
			path = Model;
			sourceTree = "<group>";
		};
		D8F31ACA29002FF200662653 /* View */ = {
			isa = PBXGroup;
			children = (
				D8F31B1229003D5500662653 /* WeatherMainView */,
			);
			path = View;
			sourceTree = "<group>";
		};
		D8F31ACB29002FF800662653 /* ViewModel */ = {
			isa = PBXGroup;
			children = (
				D8F31B3A2900742D00662653 /* WeatherViewModel.swift */,
			);
			path = ViewModel;
			sourceTree = "<group>";
		};
		D8F31ACC2900300700662653 /* MockResponse */ = {
			isa = PBXGroup;
			children = (
				D8F31B3E290074E100662653 /* cityList.json */,
				D8F31AD1290030E800662653 /* MockCurrentWeatherResponse.json */,
				D8F31AD0290030E700662653 /* MockForecastWeatherResponse.json */,
				D8F31B0A29003B3E00662653 /* MockForecastWeatherBuilder.swift */,
				D8F31B0E29003B5200662653 /* MockCurrentWeatherBuilder.swift */,
			);
			path = MockResponse;
			sourceTree = "<group>";
		};
		D8F31ACD2900301400662653 /* Network */ = {
			isa = PBXGroup;
			children = (
				D8F31B2A29005A0E00662653 /* HTTPMethod.swift */,
				D8F31B2C29005A5000662653 /* EndpointProtocol.swift */,
				D8F31B2E29005A7700662653 /* WeatherEndpoint.swift */,
				D8F31B3029005B1B00662653 /* WeatherServiceProtocol.swift */,
				D8F31B3229005D0B00662653 /* WeatherService.swift */,
				D8F31B3429006C7B00662653 /* NetworkProvider.swift */,
				D8F31B362900700B00662653 /* NetworkError.swift */,
			);
			path = Network;
			sourceTree = "<group>";
		};
		D8F31ACE2900301B00662653 /* Helper */ = {
			isa = PBXGroup;
			children = (
				D8F31AD82900316200662653 /* WebView */,
			);
			path = Helper;
			sourceTree = "<group>";
		};
		D8F31ACF2900302400662653 /* Extension */ = {
			isa = PBXGroup;
			children = (
				D8F31B022900391100662653 /* Date+Extension.swift */,
				D8F31B062900399600662653 /* Int+Extension.swift */,
				D8F31B1C29003FE600662653 /* String+Extension.swift */,
			);
			path = Extension;
			sourceTree = "<group>";
		};
		D8F31AD82900316200662653 /* WebView */ = {
			isa = PBXGroup;
			children = (
				D8F31ADC2900319700662653 /* ActivityIndicator.swift */,
				D8F31ADB2900319700662653 /* Loader.swift */,
				D8F31ADA2900319700662653 /* WebView.swift */,
				D8F31AD92900319600662653 /* WebViewViewModel.swift */,
			);
			path = WebView;
			sourceTree = "<group>";
		};
		D8F31AF1290036E000662653 /* ServiceModel */ = {
			isa = PBXGroup;
			children = (
				D8F31AF22900371100662653 /* CurrentWeatherResponse.swift */,
				D8F31AF62900376100662653 /* Weather.swift */,
				D8F31AFA290037C600662653 /* CurrentWeatherMainValue.swift */,
				D8F31AFE290037F600662653 /* ForecastWeatherResponse.swift */,
			);
			path = ServiceModel;
			sourceTree = "<group>";
		};
		D8F31B1229003D5500662653 /* WeatherMainView */ = {
			isa = PBXGroup;
			children = (
				D8F31B2629004C4500662653 /* HourlyForecastView.swift */,
				D8F31B2829004C7600662653 /* HourlyForecastWeatherCell.swift */,
				D8F31B1F290040B500662653 /* DailyForecastWeatherRow.swift */,
				D8F31B232900415E00662653 /* DailyForecastWeatherView.swift */,
				D8F31B1729003DE700662653 /* TodayWeatherView.swift */,
				D8F31B1329003D8A00662653 /* WeatherBackgroundView.swift */,
				D8F31B38290073BA00662653 /* MainWeatherView.swift */,
			);
			path = WeatherMainView;
			sourceTree = "<group>";
		};
/* End PBXGroup section */

/* Begin PBXNativeTarget section */
		D8F31A9929002DC100662653 /* WeatherApp-SwiftUI-Combine */ = {
			isa = PBXNativeTarget;
			buildConfigurationList = D8F31ABE29002DC300662653 /* Build configuration list for PBXNativeTarget "WeatherApp-SwiftUI-Combine" */;
			buildPhases = (
				D8F31A9629002DC100662653 /* Sources */,
				D8F31A9729002DC100662653 /* Frameworks */,
				D8F31A9829002DC100662653 /* Resources */,
			);
			buildRules = (
			);
			dependencies = (
			);
			name = "WeatherApp-SwiftUI-Combine";
			productName = "WeatherApp-SwiftUI-Combine";
			productReference = D8F31A9A29002DC100662653 /* WeatherApp-SwiftUI-Combine.app */;
			productType = "com.apple.product-type.application";
		};
		D8F31AA929002DC200662653 /* WeatherApp-SwiftUI-CombineTests */ = {
			isa = PBXNativeTarget;
			buildConfigurationList = D8F31AC129002DC300662653 /* Build configuration list for PBXNativeTarget "WeatherApp-SwiftUI-CombineTests" */;
			buildPhases = (
				D8F31AA629002DC200662653 /* Sources */,
				D8F31AA729002DC200662653 /* Frameworks */,
				D8F31AA829002DC200662653 /* Resources */,
			);
			buildRules = (
			);
			dependencies = (
				D8F31AAC29002DC200662653 /* PBXTargetDependency */,
			);
			name = "WeatherApp-SwiftUI-CombineTests";
			productName = "WeatherApp-SwiftUI-CombineTests";
			productReference = D8F31AAA29002DC200662653 /* WeatherApp-SwiftUI-CombineTests.xctest */;
			productType = "com.apple.product-type.bundle.unit-test";
		};
		D8F31AB329002DC300662653 /* WeatherApp-SwiftUI-CombineUITests */ = {
			isa = PBXNativeTarget;
			buildConfigurationList = D8F31AC429002DC300662653 /* Build configuration list for PBXNativeTarget "WeatherApp-SwiftUI-CombineUITests" */;
			buildPhases = (
				D8F31AB029002DC300662653 /* Sources */,
				D8F31AB129002DC300662653 /* Frameworks */,
				D8F31AB229002DC300662653 /* Resources */,
			);
			buildRules = (
			);
			dependencies = (
				D8F31AB629002DC300662653 /* PBXTargetDependency */,
			);
			name = "WeatherApp-SwiftUI-CombineUITests";
			productName = "WeatherApp-SwiftUI-CombineUITests";
			productReference = D8F31AB429002DC300662653 /* WeatherApp-SwiftUI-CombineUITests.xctest */;
			productType = "com.apple.product-type.bundle.ui-testing";
		};
/* End PBXNativeTarget section */

/* Begin PBXProject section */
		D8F31A9229002DC100662653 /* Project object */ = {
			isa = PBXProject;
			attributes = {
				BuildIndependentTargetsInParallel = 1;
				LastSwiftUpdateCheck = 1400;
				LastUpgradeCheck = 1400;
				TargetAttributes = {
					D8F31A9929002DC100662653 = {
						CreatedOnToolsVersion = 14.0.1;
					};
					D8F31AA929002DC200662653 = {
						CreatedOnToolsVersion = 14.0.1;
						TestTargetID = D8F31A9929002DC100662653;
					};
					D8F31AB329002DC300662653 = {
						CreatedOnToolsVersion = 14.0.1;
						TestTargetID = D8F31A9929002DC100662653;
					};
				};
			};
			buildConfigurationList = D8F31A9529002DC100662653 /* Build configuration list for PBXProject "WeatherApp-SwiftUI-Combine" */;
			compatibilityVersion = "Xcode 14.0";
			developmentRegion = en;
			hasScannedForEncodings = 0;
			knownRegions = (
				en,
				Base,
			);
			mainGroup = D8F31A9129002DC100662653;
			productRefGroup = D8F31A9B29002DC100662653 /* Products */;
			projectDirPath = "";
			projectRoot = "";
			targets = (
				D8F31A9929002DC100662653 /* WeatherApp-SwiftUI-Combine */,
				D8F31AA929002DC200662653 /* WeatherApp-SwiftUI-CombineTests */,
				D8F31AB329002DC300662653 /* WeatherApp-SwiftUI-CombineUITests */,
			);
		};
/* End PBXProject section */

/* Begin PBXResourcesBuildPhase section */
		D8F31A9829002DC100662653 /* Resources */ = {
			isa = PBXResourcesBuildPhase;
			buildActionMask = 2147483647;
			files = (
				D8F31AA529002DC200662653 /* Preview Assets.xcassets in Resources */,
				D8F31B3F290074E100662653 /* cityList.json in Resources */,
				D8F31AD2290030E800662653 /* MockForecastWeatherResponse.json in Resources */,
				D8F31AA229002DC200662653 /* Assets.xcassets in Resources */,
				D8F31AD5290030E800662653 /* MockCurrentWeatherResponse.json in Resources */,
			);
			runOnlyForDeploymentPostprocessing = 0;
		};
		D8F31AA829002DC200662653 /* Resources */ = {
			isa = PBXResourcesBuildPhase;
			buildActionMask = 2147483647;
			files = (
				D8F31AD3290030E800662653 /* MockForecastWeatherResponse.json in Resources */,
				D8F31AD6290030E800662653 /* MockCurrentWeatherResponse.json in Resources */,
			);
			runOnlyForDeploymentPostprocessing = 0;
		};
		D8F31AB229002DC300662653 /* Resources */ = {
			isa = PBXResourcesBuildPhase;
			buildActionMask = 2147483647;
			files = (
				D8F31AD4290030E800662653 /* MockForecastWeatherResponse.json in Resources */,
				D8F31AD7290030E800662653 /* MockCurrentWeatherResponse.json in Resources */,
			);
			runOnlyForDeploymentPostprocessing = 0;
		};
/* End PBXResourcesBuildPhase section */

/* Begin PBXSourcesBuildPhase section */
		D8F31A9629002DC100662653 /* Sources */ = {
			isa = PBXSourcesBuildPhase;
			buildActionMask = 2147483647;
			files = (
				D8F31B2729004C4500662653 /* HourlyForecastView.swift in Sources */,
				D8F31B3D2900747000662653 /* StateModel.swift in Sources */,
				D8F31AA029002DC100662653 /* ContentView.swift in Sources */,
				D8F31B222900410500662653 /* WeatherIcon.swift in Sources */,
				D8F31B242900415E00662653 /* DailyForecastWeatherView.swift in Sources */,
				D8F31B1429003D8A00662653 /* WeatherBackgroundView.swift in Sources */,
				D8F31B372900700B00662653 /* NetworkError.swift in Sources */,
				D8F31AF32900371100662653 /* CurrentWeatherResponse.swift in Sources */,
				D8F31B3129005B1B00662653 /* WeatherServiceProtocol.swift in Sources */,
				D8F31AE12900319800662653 /* WebView.swift in Sources */,
				D8F31B39290073BA00662653 /* MainWeatherView.swift in Sources */,
				D8F31AFB290037C600662653 /* CurrentWeatherMainValue.swift in Sources */,
				D8F31ADE2900319800662653 /* WebViewViewModel.swift in Sources */,
				D8F31B032900391100662653 /* Date+Extension.swift in Sources */,
				D8F31B3B2900742D00662653 /* WeatherViewModel.swift in Sources */,
				D8F31AF72900376100662653 /* Weather.swift in Sources */,
				D8F31AEE2900332F00662653 /* OnlineShoppingView.swift in Sources */,
				D8F31B2D29005A5000662653 /* EndpointProtocol.swift in Sources */,
				D8F31B0F29003B5200662653 /* MockCurrentWeatherBuilder.swift in Sources */,
				D8F31B2929004C7600662653 /* HourlyForecastWeatherCell.swift in Sources */,
				D8F31B1D29003FE600662653 /* String+Extension.swift in Sources */,
				D8F31B1829003DE700662653 /* TodayWeatherView.swift in Sources */,
				D8F31B072900399600662653 /* Int+Extension.swift in Sources */,
				D8F31A9E29002DC100662653 /* WeatherApp_SwiftUI_CombineApp.swift in Sources */,
				D8F31B3329005D0B00662653 /* WeatherService.swift in Sources */,
				D8F31AFF290037F600662653 /* ForecastWeatherResponse.swift in Sources */,
				D8F31AE72900319800662653 /* ActivityIndicator.swift in Sources */,
				D8F31B2B29005A0E00662653 /* HTTPMethod.swift in Sources */,
				D8F31B0B29003B3E00662653 /* MockForecastWeatherBuilder.swift in Sources */,
				D8F31B3529006C7B00662653 /* NetworkProvider.swift in Sources */,
				D8F31B2F29005A7700662653 /* WeatherEndpoint.swift in Sources */,
				D8F31B20290040B500662653 /* DailyForecastWeatherRow.swift in Sources */,
				D8F31AE42900319800662653 /* Loader.swift in Sources */,
			);
			runOnlyForDeploymentPostprocessing = 0;
		};
		D8F31AA629002DC200662653 /* Sources */ = {
			isa = PBXSourcesBuildPhase;
			buildActionMask = 2147483647;
			files = (
				D8F31B00290037F600662653 /* ForecastWeatherResponse.swift in Sources */,
				D8F31B082900399600662653 /* Int+Extension.swift in Sources */,
				D8E1C98929008F740011F7D3 /* WeatherIconConverterTests.swift in Sources */,
				D8F31AF82900376100662653 /* Weather.swift in Sources */,
				D8F31AF42900371100662653 /* CurrentWeatherResponse.swift in Sources */,
				D8F31B0C29003B3E00662653 /* MockForecastWeatherBuilder.swift in Sources */,
				D8E1C98429008EB20011F7D3 /* DailyForecastWeatherModelTests.swift in Sources */,
				D8E1C98629008F660011F7D3 /* HourlyForecastViewModelTests.swift in Sources */,
				D8F31B5929008AE900662653 /* CurrentWeatherResponseModelTests.swift in Sources */,
				D8F31AAF29002DC300662653 /* WeatherApp_SwiftUI_CombineTests.swift in Sources */,
				D8F31B042900391100662653 /* Date+Extension.swift in Sources */,
				D8F31AFC290037C600662653 /* CurrentWeatherMainValue.swift in Sources */,
				D8F31B1029003B5200662653 /* MockCurrentWeatherBuilder.swift in Sources */,
				D8E1C98A29008F740011F7D3 /* HTTPMethodTest.swift in Sources */,
				D8F31AEF2900332F00662653 /* OnlineShoppingView.swift in Sources */,
			);
			runOnlyForDeploymentPostprocessing = 0;
		};
		D8F31AB029002DC300662653 /* Sources */ = {
			isa = PBXSourcesBuildPhase;
			buildActionMask = 2147483647;
			files = (
				D8F31AF02900332F00662653 /* OnlineShoppingView.swift in Sources */,
				D8F31B1129003B5200662653 /* MockCurrentWeatherBuilder.swift in Sources */,
				D8F31AF52900371100662653 /* CurrentWeatherResponse.swift in Sources */,
				D8F31AB929002DC300662653 /* WeatherApp_SwiftUI_CombineUITests.swift in Sources */,
				D8F31B092900399600662653 /* Int+Extension.swift in Sources */,
				D8F31B01290037F600662653 /* ForecastWeatherResponse.swift in Sources */,
				D8F31ABB29002DC300662653 /* WeatherApp_SwiftUI_CombineUITestsLaunchTests.swift in Sources */,
				D8F31B052900391100662653 /* Date+Extension.swift in Sources */,
				D8F31AF92900376100662653 /* Weather.swift in Sources */,
				D8F31B0D29003B3E00662653 /* MockForecastWeatherBuilder.swift in Sources */,
				D8F31AFD290037C600662653 /* CurrentWeatherMainValue.swift in Sources */,
			);
			runOnlyForDeploymentPostprocessing = 0;
		};
/* End PBXSourcesBuildPhase section */

/* Begin PBXTargetDependency section */
		D8F31AAC29002DC200662653 /* PBXTargetDependency */ = {
			isa = PBXTargetDependency;
			target = D8F31A9929002DC100662653 /* WeatherApp-SwiftUI-Combine */;
			targetProxy = D8F31AAB29002DC200662653 /* PBXContainerItemProxy */;
		};
		D8F31AB629002DC300662653 /* PBXTargetDependency */ = {
			isa = PBXTargetDependency;
			target = D8F31A9929002DC100662653 /* WeatherApp-SwiftUI-Combine */;
			targetProxy = D8F31AB529002DC300662653 /* PBXContainerItemProxy */;
		};
/* End PBXTargetDependency section */

/* Begin XCBuildConfiguration section */
		D8F31ABC29002DC300662653 /* Debug */ = {
			isa = XCBuildConfiguration;
			buildSettings = {
				ALWAYS_SEARCH_USER_PATHS = NO;
				CLANG_ANALYZER_NONNULL = YES;
				CLANG_ANALYZER_NUMBER_OBJECT_CONVERSION = YES_AGGRESSIVE;
				CLANG_CXX_LANGUAGE_STANDARD = "gnu++20";
				CLANG_ENABLE_MODULES = YES;
				CLANG_ENABLE_OBJC_ARC = YES;
				CLANG_ENABLE_OBJC_WEAK = YES;
				CLANG_WARN_BLOCK_CAPTURE_AUTORELEASING = YES;
				CLANG_WARN_BOOL_CONVERSION = YES;
				CLANG_WARN_COMMA = YES;
				CLANG_WARN_CONSTANT_CONVERSION = YES;
				CLANG_WARN_DEPRECATED_OBJC_IMPLEMENTATIONS = YES;
				CLANG_WARN_DIRECT_OBJC_ISA_USAGE = YES_ERROR;
				CLANG_WARN_DOCUMENTATION_COMMENTS = YES;
				CLANG_WARN_EMPTY_BODY = YES;
				CLANG_WARN_ENUM_CONVERSION = YES;
				CLANG_WARN_INFINITE_RECURSION = YES;
				CLANG_WARN_INT_CONVERSION = YES;
				CLANG_WARN_NON_LITERAL_NULL_CONVERSION = YES;
				CLANG_WARN_OBJC_IMPLICIT_RETAIN_SELF = YES;
				CLANG_WARN_OBJC_LITERAL_CONVERSION = YES;
				CLANG_WARN_OBJC_ROOT_CLASS = YES_ERROR;
				CLANG_WARN_QUOTED_INCLUDE_IN_FRAMEWORK_HEADER = YES;
				CLANG_WARN_RANGE_LOOP_ANALYSIS = YES;
				CLANG_WARN_STRICT_PROTOTYPES = YES;
				CLANG_WARN_SUSPICIOUS_MOVE = YES;
				CLANG_WARN_UNGUARDED_AVAILABILITY = YES_AGGRESSIVE;
				CLANG_WARN_UNREACHABLE_CODE = YES;
				CLANG_WARN__DUPLICATE_METHOD_MATCH = YES;
				COPY_PHASE_STRIP = NO;
				DEBUG_INFORMATION_FORMAT = dwarf;
				ENABLE_STRICT_OBJC_MSGSEND = YES;
				ENABLE_TESTABILITY = YES;
				GCC_C_LANGUAGE_STANDARD = gnu11;
				GCC_DYNAMIC_NO_PIC = NO;
				GCC_NO_COMMON_BLOCKS = YES;
				GCC_OPTIMIZATION_LEVEL = 0;
				GCC_PREPROCESSOR_DEFINITIONS = (
					"DEBUG=1",
					"$(inherited)",
				);
				GCC_WARN_64_TO_32_BIT_CONVERSION = YES;
				GCC_WARN_ABOUT_RETURN_TYPE = YES_ERROR;
				GCC_WARN_UNDECLARED_SELECTOR = YES;
				GCC_WARN_UNINITIALIZED_AUTOS = YES_AGGRESSIVE;
				GCC_WARN_UNUSED_FUNCTION = YES;
				GCC_WARN_UNUSED_VARIABLE = YES;
				IPHONEOS_DEPLOYMENT_TARGET = 16.0;
				MTL_ENABLE_DEBUG_INFO = INCLUDE_SOURCE;
				MTL_FAST_MATH = YES;
				ONLY_ACTIVE_ARCH = YES;
				SDKROOT = iphoneos;
				SWIFT_ACTIVE_COMPILATION_CONDITIONS = DEBUG;
				SWIFT_OPTIMIZATION_LEVEL = "-Onone";
			};
			name = Debug;
		};
		D8F31ABD29002DC300662653 /* Release */ = {
			isa = XCBuildConfiguration;
			buildSettings = {
				ALWAYS_SEARCH_USER_PATHS = NO;
				CLANG_ANALYZER_NONNULL = YES;
				CLANG_ANALYZER_NUMBER_OBJECT_CONVERSION = YES_AGGRESSIVE;
				CLANG_CXX_LANGUAGE_STANDARD = "gnu++20";
				CLANG_ENABLE_MODULES = YES;
				CLANG_ENABLE_OBJC_ARC = YES;
				CLANG_ENABLE_OBJC_WEAK = YES;
				CLANG_WARN_BLOCK_CAPTURE_AUTORELEASING = YES;
				CLANG_WARN_BOOL_CONVERSION = YES;
				CLANG_WARN_COMMA = YES;
				CLANG_WARN_CONSTANT_CONVERSION = YES;
				CLANG_WARN_DEPRECATED_OBJC_IMPLEMENTATIONS = YES;
				CLANG_WARN_DIRECT_OBJC_ISA_USAGE = YES_ERROR;
				CLANG_WARN_DOCUMENTATION_COMMENTS = YES;
				CLANG_WARN_EMPTY_BODY = YES;
				CLANG_WARN_ENUM_CONVERSION = YES;
				CLANG_WARN_INFINITE_RECURSION = YES;
				CLANG_WARN_INT_CONVERSION = YES;
				CLANG_WARN_NON_LITERAL_NULL_CONVERSION = YES;
				CLANG_WARN_OBJC_IMPLICIT_RETAIN_SELF = YES;
				CLANG_WARN_OBJC_LITERAL_CONVERSION = YES;
				CLANG_WARN_OBJC_ROOT_CLASS = YES_ERROR;
				CLANG_WARN_QUOTED_INCLUDE_IN_FRAMEWORK_HEADER = YES;
				CLANG_WARN_RANGE_LOOP_ANALYSIS = YES;
				CLANG_WARN_STRICT_PROTOTYPES = YES;
				CLANG_WARN_SUSPICIOUS_MOVE = YES;
				CLANG_WARN_UNGUARDED_AVAILABILITY = YES_AGGRESSIVE;
				CLANG_WARN_UNREACHABLE_CODE = YES;
				CLANG_WARN__DUPLICATE_METHOD_MATCH = YES;
				COPY_PHASE_STRIP = NO;
				DEBUG_INFORMATION_FORMAT = "dwarf-with-dsym";
				ENABLE_NS_ASSERTIONS = NO;
				ENABLE_STRICT_OBJC_MSGSEND = YES;
				GCC_C_LANGUAGE_STANDARD = gnu11;
				GCC_NO_COMMON_BLOCKS = YES;
				GCC_WARN_64_TO_32_BIT_CONVERSION = YES;
				GCC_WARN_ABOUT_RETURN_TYPE = YES_ERROR;
				GCC_WARN_UNDECLARED_SELECTOR = YES;
				GCC_WARN_UNINITIALIZED_AUTOS = YES_AGGRESSIVE;
				GCC_WARN_UNUSED_FUNCTION = YES;
				GCC_WARN_UNUSED_VARIABLE = YES;
				IPHONEOS_DEPLOYMENT_TARGET = 16.0;
				MTL_ENABLE_DEBUG_INFO = NO;
				MTL_FAST_MATH = YES;
				SDKROOT = iphoneos;
				SWIFT_COMPILATION_MODE = wholemodule;
				SWIFT_OPTIMIZATION_LEVEL = "-O";
				VALIDATE_PRODUCT = YES;
			};
			name = Release;
		};
		D8F31ABF29002DC300662653 /* Debug */ = {
			isa = XCBuildConfiguration;
			buildSettings = {
				ASSETCATALOG_COMPILER_APPICON_NAME = AppIcon;
				ASSETCATALOG_COMPILER_GLOBAL_ACCENT_COLOR_NAME = AccentColor;
				CODE_SIGN_STYLE = Automatic;
				CURRENT_PROJECT_VERSION = 1;
				DEVELOPMENT_ASSET_PATHS = "\"WeatherApp-SwiftUI-Combine/Preview Content\"";
				ENABLE_PREVIEWS = YES;
				GENERATE_INFOPLIST_FILE = YES;
				INFOPLIST_KEY_UIApplicationSceneManifest_Generation = YES;
				INFOPLIST_KEY_UIApplicationSupportsIndirectInputEvents = YES;
				INFOPLIST_KEY_UILaunchScreen_Generation = YES;
				INFOPLIST_KEY_UISupportedInterfaceOrientations_iPad = "UIInterfaceOrientationPortrait UIInterfaceOrientationPortraitUpsideDown UIInterfaceOrientationLandscapeLeft UIInterfaceOrientationLandscapeRight";
				INFOPLIST_KEY_UISupportedInterfaceOrientations_iPhone = "UIInterfaceOrientationPortrait UIInterfaceOrientationLandscapeLeft UIInterfaceOrientationLandscapeRight";
				IPHONEOS_DEPLOYMENT_TARGET = 14.0;
				LD_RUNPATH_SEARCH_PATHS = (
					"$(inherited)",
					"@executable_path/Frameworks",
				);
				MARKETING_VERSION = 1.0;
				PRODUCT_BUNDLE_IDENTIFIER = "com.denizkarahan.WeatherApp-SwiftUI-Combine";
				PRODUCT_NAME = "$(TARGET_NAME)";
				SWIFT_EMIT_LOC_STRINGS = YES;
				SWIFT_VERSION = 5.0;
				TARGETED_DEVICE_FAMILY = "1,2";
			};
			name = Debug;
		};
		D8F31AC029002DC300662653 /* Release */ = {
			isa = XCBuildConfiguration;
			buildSettings = {
				ASSETCATALOG_COMPILER_APPICON_NAME = AppIcon;
				ASSETCATALOG_COMPILER_GLOBAL_ACCENT_COLOR_NAME = AccentColor;
				CODE_SIGN_STYLE = Automatic;
				CURRENT_PROJECT_VERSION = 1;
				DEVELOPMENT_ASSET_PATHS = "\"WeatherApp-SwiftUI-Combine/Preview Content\"";
				ENABLE_PREVIEWS = YES;
				GENERATE_INFOPLIST_FILE = YES;
				INFOPLIST_KEY_UIApplicationSceneManifest_Generation = YES;
				INFOPLIST_KEY_UIApplicationSupportsIndirectInputEvents = YES;
				INFOPLIST_KEY_UILaunchScreen_Generation = YES;
				INFOPLIST_KEY_UISupportedInterfaceOrientations_iPad = "UIInterfaceOrientationPortrait UIInterfaceOrientationPortraitUpsideDown UIInterfaceOrientationLandscapeLeft UIInterfaceOrientationLandscapeRight";
				INFOPLIST_KEY_UISupportedInterfaceOrientations_iPhone = "UIInterfaceOrientationPortrait UIInterfaceOrientationLandscapeLeft UIInterfaceOrientationLandscapeRight";
				IPHONEOS_DEPLOYMENT_TARGET = 14.0;
				LD_RUNPATH_SEARCH_PATHS = (
					"$(inherited)",
					"@executable_path/Frameworks",
				);
				MARKETING_VERSION = 1.0;
				PRODUCT_BUNDLE_IDENTIFIER = "com.denizkarahan.WeatherApp-SwiftUI-Combine";
				PRODUCT_NAME = "$(TARGET_NAME)";
				SWIFT_EMIT_LOC_STRINGS = YES;
				SWIFT_VERSION = 5.0;
				TARGETED_DEVICE_FAMILY = "1,2";
			};
			name = Release;
		};
		D8F31AC229002DC300662653 /* Debug */ = {
			isa = XCBuildConfiguration;
			buildSettings = {
				ALWAYS_EMBED_SWIFT_STANDARD_LIBRARIES = YES;
				BUNDLE_LOADER = "$(TEST_HOST)";
				CODE_SIGN_STYLE = Automatic;
				CURRENT_PROJECT_VERSION = 1;
				GENERATE_INFOPLIST_FILE = YES;
				IPHONEOS_DEPLOYMENT_TARGET = 14.0;
				MARKETING_VERSION = 1.0;
				PRODUCT_BUNDLE_IDENTIFIER = "com.denizkarahan.WeatherApp-SwiftUI-CombineTests";
				PRODUCT_NAME = "$(TARGET_NAME)";
				SWIFT_EMIT_LOC_STRINGS = NO;
				SWIFT_VERSION = 5.0;
				TARGETED_DEVICE_FAMILY = "1,2";
				TEST_HOST = "$(BUILT_PRODUCTS_DIR)/WeatherApp-SwiftUI-Combine.app/$(BUNDLE_EXECUTABLE_FOLDER_PATH)/WeatherApp-SwiftUI-Combine";
			};
			name = Debug;
		};
		D8F31AC329002DC300662653 /* Release */ = {
			isa = XCBuildConfiguration;
			buildSettings = {
				ALWAYS_EMBED_SWIFT_STANDARD_LIBRARIES = YES;
				BUNDLE_LOADER = "$(TEST_HOST)";
				CODE_SIGN_STYLE = Automatic;
				CURRENT_PROJECT_VERSION = 1;
				GENERATE_INFOPLIST_FILE = YES;
				IPHONEOS_DEPLOYMENT_TARGET = 14.0;
				MARKETING_VERSION = 1.0;
				PRODUCT_BUNDLE_IDENTIFIER = "com.denizkarahan.WeatherApp-SwiftUI-CombineTests";
				PRODUCT_NAME = "$(TARGET_NAME)";
				SWIFT_EMIT_LOC_STRINGS = NO;
				SWIFT_VERSION = 5.0;
				TARGETED_DEVICE_FAMILY = "1,2";
				TEST_HOST = "$(BUILT_PRODUCTS_DIR)/WeatherApp-SwiftUI-Combine.app/$(BUNDLE_EXECUTABLE_FOLDER_PATH)/WeatherApp-SwiftUI-Combine";
			};
			name = Release;
		};
		D8F31AC529002DC300662653 /* Debug */ = {
			isa = XCBuildConfiguration;
			buildSettings = {
				ALWAYS_EMBED_SWIFT_STANDARD_LIBRARIES = YES;
				CODE_SIGN_STYLE = Automatic;
				CURRENT_PROJECT_VERSION = 1;
				GENERATE_INFOPLIST_FILE = YES;
				IPHONEOS_DEPLOYMENT_TARGET = 14.0;
				MARKETING_VERSION = 1.0;
				PRODUCT_BUNDLE_IDENTIFIER = "com.denizkarahan.WeatherApp-SwiftUI-CombineUITests";
				PRODUCT_NAME = "$(TARGET_NAME)";
				SWIFT_EMIT_LOC_STRINGS = NO;
				SWIFT_VERSION = 5.0;
				TARGETED_DEVICE_FAMILY = "1,2";
				TEST_TARGET_NAME = "WeatherApp-SwiftUI-Combine";
			};
			name = Debug;
		};
		D8F31AC629002DC300662653 /* Release */ = {
			isa = XCBuildConfiguration;
			buildSettings = {
				ALWAYS_EMBED_SWIFT_STANDARD_LIBRARIES = YES;
				CODE_SIGN_STYLE = Automatic;
				CURRENT_PROJECT_VERSION = 1;
				GENERATE_INFOPLIST_FILE = YES;
				IPHONEOS_DEPLOYMENT_TARGET = 14.0;
				MARKETING_VERSION = 1.0;
				PRODUCT_BUNDLE_IDENTIFIER = "com.denizkarahan.WeatherApp-SwiftUI-CombineUITests";
				PRODUCT_NAME = "$(TARGET_NAME)";
				SWIFT_EMIT_LOC_STRINGS = NO;
				SWIFT_VERSION = 5.0;
				TARGETED_DEVICE_FAMILY = "1,2";
				TEST_TARGET_NAME = "WeatherApp-SwiftUI-Combine";
			};
			name = Release;
		};
/* End XCBuildConfiguration section */

/* Begin XCConfigurationList section */
		D8F31A9529002DC100662653 /* Build configuration list for PBXProject "WeatherApp-SwiftUI-Combine" */ = {
			isa = XCConfigurationList;
			buildConfigurations = (
				D8F31ABC29002DC300662653 /* Debug */,
				D8F31ABD29002DC300662653 /* Release */,
			);
			defaultConfigurationIsVisible = 0;
			defaultConfigurationName = Release;
		};
		D8F31ABE29002DC300662653 /* Build configuration list for PBXNativeTarget "WeatherApp-SwiftUI-Combine" */ = {
			isa = XCConfigurationList;
			buildConfigurations = (
				D8F31ABF29002DC300662653 /* Debug */,
				D8F31AC029002DC300662653 /* Release */,
			);
			defaultConfigurationIsVisible = 0;
			defaultConfigurationName = Release;
		};
		D8F31AC129002DC300662653 /* Build configuration list for PBXNativeTarget "WeatherApp-SwiftUI-CombineTests" */ = {
			isa = XCConfigurationList;
			buildConfigurations = (
				D8F31AC229002DC300662653 /* Debug */,
				D8F31AC329002DC300662653 /* Release */,
			);
			defaultConfigurationIsVisible = 0;
			defaultConfigurationName = Release;
		};
		D8F31AC429002DC300662653 /* Build configuration list for PBXNativeTarget "WeatherApp-SwiftUI-CombineUITests" */ = {
			isa = XCConfigurationList;
			buildConfigurations = (
				D8F31AC529002DC300662653 /* Debug */,
				D8F31AC629002DC300662653 /* Release */,
			);
			defaultConfigurationIsVisible = 0;
			defaultConfigurationName = Release;
		};
/* End XCConfigurationList section */
	};
	rootObject = D8F31A9229002DC100662653 /* Project object */;
}
